
Microsoft Visual Studio Solution File, Format Version 12.00
# Visual Studio Version 16
VisualStudioVersion = 16.0.33927.289
MinimumVisualStudioVersion = 10.0.40219.1
Project("{FAE04EC0-301F-11D3-BF4B-00C04F79EFBC}") = "MERCADO JUNIOR", "MERCADO JUNIOR\MERCADO JUNIOR.csproj", "{23F6A690-7523-40F7-B2B2-A739002A12F1}"
EndProject
Global
	GlobalSection(SolutionConfigurationPlatforms) = preSolution
		Debug|Any CPU = Debug|Any CPU
		Release|Any CPU = Release|Any CPU
	EndGlobalSection
	GlobalSection(ProjectConfigurationPlatforms) = postSolution
		{23F6A690-7523-40F7-B2B2-A739002A12F1}.Debug|Any CPU.ActiveCfg = Debug|Any CPU
		{23F6A690-7523-40F7-B2B2-A739002A12F1}.Debug|Any CPU.Build.0 = Debug|Any CPU
		{23F6A690-7523-40F7-B2B2-A739002A12F1}.Release|Any CPU.ActiveCfg = Release|Any CPU
		{23F6A690-7523-40F7-B2B2-A739002A12F1}.Release|Any CPU.Build.0 = Release|Any CPU
	EndGlobalSection
	GlobalSection(SolutionProperties) = preSolution
		HideSolutionNode = FALSE
	EndGlobalSection
	GlobalSection(ExtensibilityGlobals) = postSolution
		SolutionGuid = {AC1163F1-54B6-4297-819B-077F7D3B4369}
	EndGlobalSection
EndGlobal
